
Microsoft Visual Studio Solution File, Format Version 12.00
# Visual Studio Version 16
VisualStudioVersion = 16.0.30517.126
MinimumVisualStudioVersion = 10.0.40219.1
Project("{9A19103F-16F7-4668-BE54-9A1E7A4F7556}") = "ContactManager", "ContactManager.csproj", "{15062D91-81FA-4EE8-8540-D1AD958E9F4E}"
EndProject
Global
	GlobalSection(SolutionConfigurationPlatforms) = preSolution
		Debug|Any CPU = Debug|Any CPU
		Release|Any CPU = Release|Any CPU
	EndGlobalSection
	GlobalSection(ProjectConfigurationPlatforms) = postSolution
		{15062D91-81FA-4EE8-8540-D1AD958E9F4E}.Debug|Any CPU.ActiveCfg = Debug|Any CPU
		{15062D91-81FA-4EE8-8540-D1AD958E9F4E}.Debug|Any CPU.Build.0 = Debug|Any CPU
		{15062D91-81FA-4EE8-8540-D1AD958E9F4E}.Release|Any CPU.ActiveCfg = Release|Any CPU
		{15062D91-81FA-4EE8-8540-D1AD958E9F4E}.Release|Any CPU.Build.0 = Release|Any CPU
	EndGlobalSection
	GlobalSection(SolutionProperties) = preSolution
		HideSolutionNode = FALSE
	EndGlobalSection
	GlobalSection(ExtensibilityGlobals) = postSolution
		SolutionGuid = {3B275B6B-0AE1-477F-92F1-A7042D5897AD}
	EndGlobalSection
EndGlobal
